
Microsoft Visual Studio Solution File, Format Version 12.00
# Visual Studio Version 17
VisualStudioVersion = 17.14.37111.16 d17.14
MinimumVisualStudioVersion = 10.0.40219.1
Project("{FAE04EC0-301F-11D3-BF4B-00C04F79EFBC}") = "StockBridge.API", "StockBridge.API.csproj", "{94FB73B2-0ACC-43D8-AB8C-1D0BEE792EBB}"
EndProject
Global
	GlobalSection(SolutionConfigurationPlatforms) = preSolution
		Debug|Any CPU = Debug|Any CPU
		Release|Any CPU = Release|Any CPU
	EndGlobalSection
	GlobalSection(ProjectConfigurationPlatforms) = postSolution
		{94FB73B2-0ACC-43D8-AB8C-1D0BEE792EBB}.Debug|Any CPU.ActiveCfg = Debug|Any CPU
		{94FB73B2-0ACC-43D8-AB8C-1D0BEE792EBB}.Debug|Any CPU.Build.0 = Debug|Any CPU
		{94FB73B2-0ACC-43D8-AB8C-1D0BEE792EBB}.Release|Any CPU.ActiveCfg = Release|Any CPU
		{94FB73B2-0ACC-43D8-AB8C-1D0BEE792EBB}.Release|Any CPU.Build.0 = Release|Any CPU
	EndGlobalSection
	GlobalSection(SolutionProperties) = preSolution
		HideSolutionNode = FALSE
	EndGlobalSection
	GlobalSection(ExtensibilityGlobals) = postSolution
		SolutionGuid = {687A6617-5AB3-48A3-83A3-43B02F31265A}
	EndGlobalSection
EndGlobal
